{
  "name": "decisiontree",
  "version": "1.0.0",
  "lockfileVersion": 1,
  "requires": true,
  "dependencies": {
    "csvsync": {
      "version": "1.2.0",
      "resolved": "https://registry.npmjs.org/csvsync/-/csvsync-1.2.0.tgz",
      "integrity": "sha512-KtDGjcM+TF4DdmFYP94pV0Nh7u2qu6dw9273L3Bm6z4omBXFwqS7IBdY1oQRbu58eXJP58ukO+DIliTuGo8eTg==",
      "requires": {
        "lodash.isstring": "^4.0.1"
      }
    },
    "lodash.isstring": {
      "version": "4.0.1",
      "resolved": "https://registry.npmjs.org/lodash.isstring/-/lodash.isstring-4.0.1.tgz",
      "integrity": "sha1-1SfftUVuynzJu5XV2ur4i6VKVFE="
    }
  }
}
